
Microsoft Visual Studio Solution File, Format Version 12.00
# Visual Studio 2012
Project("{888888A0-9F3D-457C-B088-3A5042F75D52}") = "OpenQuantumWalkVS", "OpenQuantumWalkVS\OpenQuantumWalkVS.pyproj", "{A375EE9C-D545-4F4A-97FC-1A7085388BA7}"
EndProject
Global
	GlobalSection(SolutionConfigurationPlatforms) = preSolution
		Debug|Any CPU = Debug|Any CPU
		Release|Any CPU = Release|Any CPU
	EndGlobalSection
	GlobalSection(ProjectConfigurationPlatforms) = postSolution
		{A375EE9C-D545-4F4A-97FC-1A7085388BA7}.Debug|Any CPU.ActiveCfg = Debug|Any CPU
		{A375EE9C-D545-4F4A-97FC-1A7085388BA7}.Debug|Any CPU.Build.0 = Debug|Any CPU
		{A375EE9C-D545-4F4A-97FC-1A7085388BA7}.Release|Any CPU.ActiveCfg = Release|Any CPU
		{A375EE9C-D545-4F4A-97FC-1A7085388BA7}.Release|Any CPU.Build.0 = Release|Any CPU
	EndGlobalSection
	GlobalSection(SolutionProperties) = preSolution
		HideSolutionNode = FALSE
	EndGlobalSection
EndGlobal
